
Microsoft Visual Studio Solution File, Format Version 12.00
# Visual Studio Version 17
VisualStudioVersion = 17.12.35527.113
MinimumVisualStudioVersion = 10.0.40219.1
Project("{2150E333-8FDC-42A3-9474-1A3956D46DE8}") = "src", "src", "{466159A4-3831-4D45-ABE9-70B5B2B55E60}"
	ProjectSection(SolutionItems) = preProject
		.dockerignore = .dockerignore
		.gitignore = .gitignore
		docker-compose.yaml = docker-compose.yaml
		src\Dockerfile = src\Dockerfile
		README.md = README.md
	EndProjectSection
EndProject
Project("{2150E333-8FDC-42A3-9474-1A3956D46DE8}") = "Cadastro", "Cadastro", "{B8F6F100-B8D2-4DC9-B603-DF220165A2C3}"
EndProject
Project("{2150E333-8FDC-42A3-9474-1A3956D46DE8}") = "Core", "Core", "{1ABD8D9E-9689-478C-9258-85CD366EDB1F}"
EndProject
Project("{9A19103F-16F7-4668-BE54-9A1E7A4F7556}") = "DZA.Cadastro.Domain", "src\Cadastro\DZA.Cadastro.Domain\DZA.Cadastro.Domain.csproj", "{D8674951-CA8D-4C64-863D-E33DCA5F4716}"
EndProject
Project("{9A19103F-16F7-4668-BE54-9A1E7A4F7556}") = "DZA.Core", "src\Core\DZA.Core\DZA.Core.csproj", "{BD618EF9-C940-42FF-939B-9633C364C28E}"
EndProject
Project("{2150E333-8FDC-42A3-9474-1A3956D46DE8}") = "Assets", "Assets", "{B8DAD7E6-EE6F-4A15-85E5-2060ADE3549F}"
EndProject
Project("{9A19103F-16F7-4668-BE54-9A1E7A4F7556}") = "DZA.Cadastro.Infrastructure.Data", "src\Cadastro\DZA.Cadastro.Infrastructure.Data\DZA.Cadastro.Infrastructure.Data.csproj", "{DFAD17A1-42B3-4BBD-A373-694BD803A804}"
EndProject
Project("{9A19103F-16F7-4668-BE54-9A1E7A4F7556}") = "DZA.Cadastro.Application", "src\Cadastro\DZA.Cadastro.Application\DZA.Cadastro.Application.csproj", "{49108638-0071-481B-BC12-F2F16241FAE5}"
EndProject
Project("{9A19103F-16F7-4668-BE54-9A1E7A4F7556}") = "DZA.Cadastro.Api", "src\Cadastro\DZA.Cadastro.Api\DZA.Cadastro.Api.csproj", "{FFD8867C-8972-4D63-8004-FAC644563E9B}"
EndProject
Global
	GlobalSection(SolutionConfigurationPlatforms) = preSolution
		Debug|Any CPU = Debug|Any CPU
		Release|Any CPU = Release|Any CPU
	EndGlobalSection
	GlobalSection(ProjectConfigurationPlatforms) = postSolution
		{D8674951-CA8D-4C64-863D-E33DCA5F4716}.Debug|Any CPU.ActiveCfg = Debug|Any CPU
		{D8674951-CA8D-4C64-863D-E33DCA5F4716}.Debug|Any CPU.Build.0 = Debug|Any CPU
		{D8674951-CA8D-4C64-863D-E33DCA5F4716}.Release|Any CPU.ActiveCfg = Release|Any CPU
		{D8674951-CA8D-4C64-863D-E33DCA5F4716}.Release|Any CPU.Build.0 = Release|Any CPU
		{BD618EF9-C940-42FF-939B-9633C364C28E}.Debug|Any CPU.ActiveCfg = Debug|Any CPU
		{BD618EF9-C940-42FF-939B-9633C364C28E}.Debug|Any CPU.Build.0 = Debug|Any CPU
		{BD618EF9-C940-42FF-939B-9633C364C28E}.Release|Any CPU.ActiveCfg = Release|Any CPU
		{BD618EF9-C940-42FF-939B-9633C364C28E}.Release|Any CPU.Build.0 = Release|Any CPU
		{DFAD17A1-42B3-4BBD-A373-694BD803A804}.Debug|Any CPU.ActiveCfg = Debug|Any CPU
		{DFAD17A1-42B3-4BBD-A373-694BD803A804}.Debug|Any CPU.Build.0 = Debug|Any CPU
		{DFAD17A1-42B3-4BBD-A373-694BD803A804}.Release|Any CPU.ActiveCfg = Release|Any CPU
		{DFAD17A1-42B3-4BBD-A373-694BD803A804}.Release|Any CPU.Build.0 = Release|Any CPU
		{49108638-0071-481B-BC12-F2F16241FAE5}.Debug|Any CPU.ActiveCfg = Debug|Any CPU
		{49108638-0071-481B-BC12-F2F16241FAE5}.Debug|Any CPU.Build.0 = Debug|Any CPU
		{49108638-0071-481B-BC12-F2F16241FAE5}.Release|Any CPU.ActiveCfg = Release|Any CPU
		{49108638-0071-481B-BC12-F2F16241FAE5}.Release|Any CPU.Build.0 = Release|Any CPU
		{FFD8867C-8972-4D63-8004-FAC644563E9B}.Debug|Any CPU.ActiveCfg = Debug|Any CPU
		{FFD8867C-8972-4D63-8004-FAC644563E9B}.Debug|Any CPU.Build.0 = Debug|Any CPU
		{FFD8867C-8972-4D63-8004-FAC644563E9B}.Release|Any CPU.ActiveCfg = Release|Any CPU
		{FFD8867C-8972-4D63-8004-FAC644563E9B}.Release|Any CPU.Build.0 = Release|Any CPU
	EndGlobalSection
	GlobalSection(SolutionProperties) = preSolution
		HideSolutionNode = FALSE
	EndGlobalSection
	GlobalSection(NestedProjects) = preSolution
		{B8F6F100-B8D2-4DC9-B603-DF220165A2C3} = {466159A4-3831-4D45-ABE9-70B5B2B55E60}
		{1ABD8D9E-9689-478C-9258-85CD366EDB1F} = {466159A4-3831-4D45-ABE9-70B5B2B55E60}
		{D8674951-CA8D-4C64-863D-E33DCA5F4716} = {B8F6F100-B8D2-4DC9-B603-DF220165A2C3}
		{BD618EF9-C940-42FF-939B-9633C364C28E} = {1ABD8D9E-9689-478C-9258-85CD366EDB1F}
		{B8DAD7E6-EE6F-4A15-85E5-2060ADE3549F} = {466159A4-3831-4D45-ABE9-70B5B2B55E60}
		{DFAD17A1-42B3-4BBD-A373-694BD803A804} = {B8F6F100-B8D2-4DC9-B603-DF220165A2C3}
		{49108638-0071-481B-BC12-F2F16241FAE5} = {B8F6F100-B8D2-4DC9-B603-DF220165A2C3}
		{FFD8867C-8972-4D63-8004-FAC644563E9B} = {B8F6F100-B8D2-4DC9-B603-DF220165A2C3}
	EndGlobalSection
	GlobalSection(ExtensibilityGlobals) = postSolution
		SolutionGuid = {5A159720-F65D-4309-A9A1-719A04F97332}
	EndGlobalSection
EndGlobal
